// !$*UTF8*$!
{
	archiveVersion = 1;
	classes = {
	};
	objectVersion = 46;
	objects = {

/* Begin PBXBuildFile section */
		E104B6671BA86B57004832F0 /* main.m in Sources */ = {isa = PBXBuildFile; fileRef = E104B6661BA86B57004832F0 /* main.m */; };
		E104B66A1BA86B57004832F0 /* AppDelegate.m in Sources */ = {isa = PBXBuildFile; fileRef = E104B6691BA86B57004832F0 /* AppDelegate.m */; };
		E104B66D1BA86B57004832F0 /* SCImageManagerDemo.xcdatamodeld in Sources */ = {isa = PBXBuildFile; fileRef = E104B66B1BA86B57004832F0 /* SCImageManagerDemo.xcdatamodeld */; };
		E104B6701BA86B57004832F0 /* ViewController.m in Sources */ = {isa = PBXBuildFile; fileRef = E104B66F1BA86B57004832F0 /* ViewController.m */; };
		E104B6731BA86B57004832F0 /* Main.storyboard in Resources */ = {isa = PBXBuildFile; fileRef = E104B6711BA86B57004832F0 /* Main.storyboard */; };
		E104B6751BA86B57004832F0 /* Images.xcassets in Resources */ = {isa = PBXBuildFile; fileRef = E104B6741BA86B57004832F0 /* Images.xcassets */; };
		E104B6781BA86B57004832F0 /* LaunchScreen.xib in Resources */ = {isa = PBXBuildFile; fileRef = E104B6761BA86B57004832F0 /* LaunchScreen.xib */; };
		E104B6841BA86B58004832F0 /* SCImageManagerDemoTests.m in Sources */ = {isa = PBXBuildFile; fileRef = E104B6831BA86B58004832F0 /* SCImageManagerDemoTests.m */; };
		E104B6B91BA86BB0004832F0 /* SCImageBrowser.m in Sources */ = {isa = PBXBuildFile; fileRef = E104B6901BA86BB0004832F0 /* SCImageBrowser.m */; };
		E104B6BA1BA86BB0004832F0 /* SCTapImageView.m in Sources */ = {isa = PBXBuildFile; fileRef = E104B6931BA86BB0004832F0 /* SCTapImageView.m */; };
		E104B6BB1BA86BB0004832F0 /* SCZoomingScrollView.m in Sources */ = {isa = PBXBuildFile; fileRef = E104B6951BA86BB0004832F0 /* SCZoomingScrollView.m */; };
		E104B6BC1BA86BB0004832F0 /* sc_album_down@2x.png in Resources */ = {isa = PBXBuildFile; fileRef = E104B6981BA86BB0004832F0 /* sc_album_down@2x.png */; };
		E104B6BD1BA86BB0004832F0 /* sc_album_up@2x.png in Resources */ = {isa = PBXBuildFile; fileRef = E104B6991BA86BB0004832F0 /* sc_album_up@2x.png */; };
		E104B6BE1BA86BB0004832F0 /* sc_back@2x.png in Resources */ = {isa = PBXBuildFile; fileRef = E104B69A1BA86BB0004832F0 /* sc_back@2x.png */; };
		E104B6BF1BA86BB0004832F0 /* sc_cam@2x.png in Resources */ = {isa = PBXBuildFile; fileRef = E104B69B1BA86BB0004832F0 /* sc_cam@2x.png */; };
		E104B6C01BA86BB0004832F0 /* sc_cam_h@2x.png in Resources */ = {isa = PBXBuildFile; fileRef = E104B69C1BA86BB0004832F0 /* sc_cam_h@2x.png */; };
		E104B6C11BA86BB0004832F0 /* sc_close@2x.png in Resources */ = {isa = PBXBuildFile; fileRef = E104B69D1BA86BB0004832F0 /* sc_close@2x.png */; };
		E104B6C21BA86BB0004832F0 /* sc_item_bg@2x.png in Resources */ = {isa = PBXBuildFile; fileRef = E104B69E1BA86BB0004832F0 /* sc_item_bg@2x.png */; };
		E104B6C31BA86BB0004832F0 /* sc_list@2x.png in Resources */ = {isa = PBXBuildFile; fileRef = E104B69F1BA86BB0004832F0 /* sc_list@2x.png */; };
		E104B6C41BA86BB0004832F0 /* sc_photo@2x.png in Resources */ = {isa = PBXBuildFile; fileRef = E104B6A01BA86BB0004832F0 /* sc_photo@2x.png */; };
		E104B6C51BA86BB0004832F0 /* sc_photo_h@2x.png in Resources */ = {isa = PBXBuildFile; fileRef = E104B6A11BA86BB0004832F0 /* sc_photo_h@2x.png */; };
		E104B6C61BA86BB0004832F0 /* sc_sample@2x.png in Resources */ = {isa = PBXBuildFile; fileRef = E104B6A21BA86BB0004832F0 /* sc_sample@2x.png */; };
		E104B6C71BA86BB0004832F0 /* sc_sample_h@2x.png in Resources */ = {isa = PBXBuildFile; fileRef = E104B6A31BA86BB0004832F0 /* sc_sample_h@2x.png */; };
		E104B6C81BA86BB0004832F0 /* SCAlbumCell.m in Sources */ = {isa = PBXBuildFile; fileRef = E104B6A51BA86BB0004832F0 /* SCAlbumCell.m */; };
		E104B6C91BA86BB0004832F0 /* SCImageNavigationController.m in Sources */ = {isa = PBXBuildFile; fileRef = E104B6A71BA86BB0004832F0 /* SCImageNavigationController.m */; };
		E104B6CA1BA86BB0004832F0 /* SCImagePickerController.m in Sources */ = {isa = PBXBuildFile; fileRef = E104B6A91BA86BB0004832F0 /* SCImagePickerController.m */; };
		E104B6CB1BA86BB0004832F0 /* SCPhotoCell.m in Sources */ = {isa = PBXBuildFile; fileRef = E104B6AB1BA86BB0004832F0 /* SCPhotoCell.m */; };
		E104B6CC1BA86BB0004832F0 /* SCTools.m in Sources */ = {isa = PBXBuildFile; fileRef = E104B6AE1BA86BB0004832F0 /* SCTools.m */; };
		E104B6CD1BA86BB0004832F0 /* SVIndefiniteAnimatedView.m in Sources */ = {isa = PBXBuildFile; fileRef = E104B6B21BA86BB0004832F0 /* SVIndefiniteAnimatedView.m */; };
		E104B6CE1BA86BB0004832F0 /* SVProgressHUD.bundle in Resources */ = {isa = PBXBuildFile; fileRef = E104B6B41BA86BB0004832F0 /* SVProgressHUD.bundle */; };
		E104B6CF1BA86BB0004832F0 /* SVProgressHUD.m in Sources */ = {isa = PBXBuildFile; fileRef = E104B6B61BA86BB0004832F0 /* SVProgressHUD.m */; };
		E104B6D01BA86BB0004832F0 /* SVRadialGradientLayer.m in Sources */ = {isa = PBXBuildFile; fileRef = E104B6B81BA86BB0004832F0 /* SVRadialGradientLayer.m */; };
/* End PBXBuildFile section */

/* Begin PBXContainerItemProxy section */
		E104B67E1BA86B58004832F0 /* PBXContainerItemProxy */ = {
			isa = PBXContainerItemProxy;
			containerPortal = E104B6591BA86B57004832F0 /* Project object */;
			proxyType = 1;
			remoteGlobalIDString = E104B6601BA86B57004832F0;
			remoteInfo = SCImageManagerDemo;
		};
/* End PBXContainerItemProxy section */

/* Begin PBXFileReference section */
		E104B6611BA86B57004832F0 /* SCImageManagerDemo.app */ = {isa = PBXFileReference; explicitFileType = wrapper.application; includeInIndex = 0; path = SCImageManagerDemo.app; sourceTree = BUILT_PRODUCTS_DIR; };
		E104B6651BA86B57004832F0 /* Info.plist */ = {isa = PBXFileReference; lastKnownFileType = text.plist.xml; path = Info.plist; sourceTree = "<group>"; };
		E104B6661BA86B57004832F0 /* main.m */ = {isa = PBXFileReference; lastKnownFileType = sourcecode.c.objc; path = main.m; sourceTree = "<group>"; };
		E104B6681BA86B57004832F0 /* AppDelegate.h */ = {isa = PBXFileReference; lastKnownFileType = sourcecode.c.h; path = AppDelegate.h; sourceTree = "<group>"; };
		E104B6691BA86B57004832F0 /* AppDelegate.m */ = {isa = PBXFileReference; lastKnownFileType = sourcecode.c.objc; path = AppDelegate.m; sourceTree = "<group>"; };
		E104B66C1BA86B57004832F0 /* SCImageManagerDemo.xcdatamodel */ = {isa = PBXFileReference; lastKnownFileType = wrapper.xcdatamodel; path = SCImageManagerDemo.xcdatamodel; sourceTree = "<group>"; };
		E104B66E1BA86B57004832F0 /* ViewController.h */ = {isa = PBXFileReference; lastKnownFileType = sourcecode.c.h; path = ViewController.h; sourceTree = "<group>"; };
		E104B66F1BA86B57004832F0 /* ViewController.m */ = {isa = PBXFileReference; lastKnownFileType = sourcecode.c.objc; path = ViewController.m; sourceTree = "<group>"; };
		E104B6721BA86B57004832F0 /* Base */ = {isa = PBXFileReference; lastKnownFileType = file.storyboard; name = Base; path = Base.lproj/Main.storyboard; sourceTree = "<group>"; };
		E104B6741BA86B57004832F0 /* Images.xcassets */ = {isa = PBXFileReference; lastKnownFileType = folder.assetcatalog; path = Images.xcassets; sourceTree = "<group>"; };
		E104B6771BA86B57004832F0 /* Base */ = {isa = PBXFileReference; lastKnownFileType = file.xib; name = Base; path = Base.lproj/LaunchScreen.xib; sourceTree = "<group>"; };
		E104B67D1BA86B58004832F0 /* SCImageManagerDemoTests.xctest */ = {isa = PBXFileReference; explicitFileType = wrapper.cfbundle; includeInIndex = 0; path = SCImageManagerDemoTests.xctest; sourceTree = BUILT_PRODUCTS_DIR; };
		E104B6821BA86B58004832F0 /* Info.plist */ = {isa = PBXFileReference; lastKnownFileType = text.plist.xml; path = Info.plist; sourceTree = "<group>"; };
		E104B6831BA86B58004832F0 /* SCImageManagerDemoTests.m */ = {isa = PBXFileReference; lastKnownFileType = sourcecode.c.objc; path = SCImageManagerDemoTests.m; sourceTree = "<group>"; };
		E104B68F1BA86BB0004832F0 /* SCImageBrowser.h */ = {isa = PBXFileReference; fileEncoding = 4; lastKnownFileType = sourcecode.c.h; path = SCImageBrowser.h; sourceTree = "<group>"; };
		E104B6901BA86BB0004832F0 /* SCImageBrowser.m */ = {isa = PBXFileReference; fileEncoding = 4; lastKnownFileType = sourcecode.c.objc; path = SCImageBrowser.m; sourceTree = "<group>"; };
		E104B6921BA86BB0004832F0 /* SCTapImageView.h */ = {isa = PBXFileReference; fileEncoding = 4; lastKnownFileType = sourcecode.c.h; path = SCTapImageView.h; sourceTree = "<group>"; };
		E104B6931BA86BB0004832F0 /* SCTapImageView.m */ = {isa = PBXFileReference; fileEncoding = 4; lastKnownFileType = sourcecode.c.objc; path = SCTapImageView.m; sourceTree = "<group>"; };
		E104B6941BA86BB0004832F0 /* SCZoomingScrollView.h */ = {isa = PBXFileReference; fileEncoding = 4; lastKnownFileType = sourcecode.c.h; path = SCZoomingScrollView.h; sourceTree = "<group>"; };
		E104B6951BA86BB0004832F0 /* SCZoomingScrollView.m */ = {isa = PBXFileReference; fileEncoding = 4; lastKnownFileType = sourcecode.c.objc; path = SCZoomingScrollView.m; sourceTree = "<group>"; };
		E104B6981BA86BB0004832F0 /* sc_album_down@2x.png */ = {isa = PBXFileReference; lastKnownFileType = image.png; path = "sc_album_down@2x.png"; sourceTree = "<group>"; };
		E104B6991BA86BB0004832F0 /* sc_album_up@2x.png */ = {isa = PBXFileReference; lastKnownFileType = image.png; path = "sc_album_up@2x.png"; sourceTree = "<group>"; };
		E104B69A1BA86BB0004832F0 /* sc_back@2x.png */ = {isa = PBXFileReference; lastKnownFileType = image.png; path = "sc_back@2x.png"; sourceTree = "<group>"; };
		E104B69B1BA86BB0004832F0 /* sc_cam@2x.png */ = {isa = PBXFileReference; lastKnownFileType = image.png; path = "sc_cam@2x.png"; sourceTree = "<group>"; };
		E104B69C1BA86BB0004832F0 /* sc_cam_h@2x.png */ = {isa = PBXFileReference; lastKnownFileType = image.png; path = "sc_cam_h@2x.png"; sourceTree = "<group>"; };
		E104B69D1BA86BB0004832F0 /* sc_close@2x.png */ = {isa = PBXFileReference; lastKnownFileType = image.png; path = "sc_close@2x.png"; sourceTree = "<group>"; };
		E104B69E1BA86BB0004832F0 /* sc_item_bg@2x.png */ = {isa = PBXFileReference; lastKnownFileType = image.png; path = "sc_item_bg@2x.png"; sourceTree = "<group>"; };
		E104B69F1BA86BB0004832F0 /* sc_list@2x.png */ = {isa = PBXFileReference; lastKnownFileType = image.png; path = "sc_list@2x.png"; sourceTree = "<group>"; };
		E104B6A01BA86BB0004832F0 /* sc_photo@2x.png */ = {isa = PBXFileReference; lastKnownFileType = image.png; path = "sc_photo@2x.png"; sourceTree = "<group>"; };
		E104B6A11BA86BB0004832F0 /* sc_photo_h@2x.png */ = {isa = PBXFileReference; lastKnownFileType = image.png; path = "sc_photo_h@2x.png"; sourceTree = "<group>"; };
		E104B6A21BA86BB0004832F0 /* sc_sample@2x.png */ = {isa = PBXFileReference; lastKnownFileType = image.png; path = "sc_sample@2x.png"; sourceTree = "<group>"; };
		E104B6A31BA86BB0004832F0 /* sc_sample_h@2x.png */ = {isa = PBXFileReference; lastKnownFileType = image.png; path = "sc_sample_h@2x.png"; sourceTree = "<group>"; };
		E104B6A41BA86BB0004832F0 /* SCAlbumCell.h */ = {isa = PBXFileReference; fileEncoding = 4; lastKnownFileType = sourcecode.c.h; path = SCAlbumCell.h; sourceTree = "<group>"; };
		E104B6A51BA86BB0004832F0 /* SCAlbumCell.m */ = {isa = PBXFileReference; fileEncoding = 4; lastKnownFileType = sourcecode.c.objc; path = SCAlbumCell.m; sourceTree = "<group>"; };
		E104B6A61BA86BB0004832F0 /* SCImageNavigationController.h */ = {isa = PBXFileReference; fileEncoding = 4; lastKnownFileType = sourcecode.c.h; path = SCImageNavigationController.h; sourceTree = "<group>"; };
		E104B6A71BA86BB0004832F0 /* SCImageNavigationController.m */ = {isa = PBXFileReference; fileEncoding = 4; lastKnownFileType = sourcecode.c.objc; path = SCImageNavigationController.m; sourceTree = "<group>"; };
		E104B6A81BA86BB0004832F0 /* SCImagePickerController.h */ = {isa = PBXFileReference; fileEncoding = 4; lastKnownFileType = sourcecode.c.h; path = SCImagePickerController.h; sourceTree = "<group>"; };
		E104B6A91BA86BB0004832F0 /* SCImagePickerController.m */ = {isa = PBXFileReference; fileEncoding = 4; lastKnownFileType = sourcecode.c.objc; path = SCImagePickerController.m; sourceTree = "<group>"; };
		E104B6AA1BA86BB0004832F0 /* SCPhotoCell.h */ = {isa = PBXFileReference; fileEncoding = 4; lastKnownFileType = sourcecode.c.h; path = SCPhotoCell.h; sourceTree = "<group>"; };
		E104B6AB1BA86BB0004832F0 /* SCPhotoCell.m */ = {isa = PBXFileReference; fileEncoding = 4; lastKnownFileType = sourcecode.c.objc; path = SCPhotoCell.m; sourceTree = "<group>"; };
		E104B6AD1BA86BB0004832F0 /* SCTools.h */ = {isa = PBXFileReference; fileEncoding = 4; lastKnownFileType = sourcecode.c.h; path = SCTools.h; sourceTree = "<group>"; };
		E104B6AE1BA86BB0004832F0 /* SCTools.m */ = {isa = PBXFileReference; fileEncoding = 4; lastKnownFileType = sourcecode.c.objc; path = SCTools.m; sourceTree = "<group>"; };
		E104B6B11BA86BB0004832F0 /* SVIndefiniteAnimatedView.h */ = {isa = PBXFileReference; fileEncoding = 4; lastKnownFileType = sourcecode.c.h; path = SVIndefiniteAnimatedView.h; sourceTree = "<group>"; };
		E104B6B21BA86BB0004832F0 /* SVIndefiniteAnimatedView.m */ = {isa = PBXFileReference; fileEncoding = 4; lastKnownFileType = sourcecode.c.objc; path = SVIndefiniteAnimatedView.m; sourceTree = "<group>"; };
		E104B6B31BA86BB0004832F0 /* SVProgressHUD-Prefix.pch */ = {isa = PBXFileReference; fileEncoding = 4; lastKnownFileType = sourcecode.c.h; path = "SVProgressHUD-Prefix.pch"; sourceTree = "<group>"; };
		E104B6B41BA86BB0004832F0 /* SVProgressHUD.bundle */ = {isa = PBXFileReference; lastKnownFileType = "wrapper.plug-in"; path = SVProgressHUD.bundle; sourceTree = "<group>"; };
		E104B6B51BA86BB0004832F0 /* SVProgressHUD.h */ = {isa = PBXFileReference; fileEncoding = 4; lastKnownFileType = sourcecode.c.h; path = SVProgressHUD.h; sourceTree = "<group>"; };
		E104B6B61BA86BB0004832F0 /* SVProgressHUD.m */ = {isa = PBXFileReference; fileEncoding = 4; lastKnownFileType = sourcecode.c.objc; path = SVProgressHUD.m; sourceTree = "<group>"; };
		E104B6B71BA86BB0004832F0 /* SVRadialGradientLayer.h */ = {isa = PBXFileReference; fileEncoding = 4; lastKnownFileType = sourcecode.c.h; path = SVRadialGradientLayer.h; sourceTree = "<group>"; };
		E104B6B81BA86BB0004832F0 /* SVRadialGradientLayer.m */ = {isa = PBXFileReference; fileEncoding = 4; lastKnownFileType = sourcecode.c.objc; path = SVRadialGradientLayer.m; sourceTree = "<group>"; };
/* End PBXFileReference section */

/* Begin PBXFrameworksBuildPhase section */
		E104B65E1BA86B57004832F0 /* Frameworks */ = {
			isa = PBXFrameworksBuildPhase;
			buildActionMask = 2147483647;
			files = (
			);
			runOnlyForDeploymentPostprocessing = 0;
		};
		E104B67A1BA86B58004832F0 /* Frameworks */ = {
			isa = PBXFrameworksBuildPhase;
			buildActionMask = 2147483647;
			files = (
			);
			runOnlyForDeploymentPostprocessing = 0;
		};
/* End PBXFrameworksBuildPhase section */

/* Begin PBXGroup section */
		E104B6581BA86B57004832F0 = {
			isa = PBXGroup;
			children = (
				E104B6631BA86B57004832F0 /* SCImageManagerDemo */,
				E104B6801BA86B58004832F0 /* SCImageManagerDemoTests */,
				E104B6621BA86B57004832F0 /* Products */,
			);
			sourceTree = "<group>";
		};
		E104B6621BA86B57004832F0 /* Products */ = {
			isa = PBXGroup;
			children = (
				E104B6611BA86B57004832F0 /* SCImageManagerDemo.app */,
				E104B67D1BA86B58004832F0 /* SCImageManagerDemoTests.xctest */,
			);
			name = Products;
			sourceTree = "<group>";
		};
		E104B6631BA86B57004832F0 /* SCImageManagerDemo */ = {
			isa = PBXGroup;
			children = (
				E104B68D1BA86BB0004832F0 /* SCImageManager */,
				E104B6AF1BA86BB0004832F0 /* Vendor */,
				E104B6681BA86B57004832F0 /* AppDelegate.h */,
				E104B6691BA86B57004832F0 /* AppDelegate.m */,
				E104B66E1BA86B57004832F0 /* ViewController.h */,
				E104B66F1BA86B57004832F0 /* ViewController.m */,
				E104B6711BA86B57004832F0 /* Main.storyboard */,
				E104B6741BA86B57004832F0 /* Images.xcassets */,
				E104B6761BA86B57004832F0 /* LaunchScreen.xib */,
				E104B66B1BA86B57004832F0 /* SCImageManagerDemo.xcdatamodeld */,
				E104B6641BA86B57004832F0 /* Supporting Files */,
			);
			path = SCImageManagerDemo;
			sourceTree = "<group>";
		};
		E104B6641BA86B57004832F0 /* Supporting Files */ = {
			isa = PBXGroup;
			children = (
				E104B6651BA86B57004832F0 /* Info.plist */,
				E104B6661BA86B57004832F0 /* main.m */,
			);
			name = "Supporting Files";
			sourceTree = "<group>";
		};
		E104B6801BA86B58004832F0 /* SCImageManagerDemoTests */ = {
			isa = PBXGroup;
			children = (
				E104B6831BA86B58004832F0 /* SCImageManagerDemoTests.m */,
				E104B6811BA86B58004832F0 /* Supporting Files */,
			);
			path = SCImageManagerDemoTests;
			sourceTree = "<group>";
		};
		E104B6811BA86B58004832F0 /* Supporting Files */ = {
			isa = PBXGroup;
			children = (
				E104B6821BA86B58004832F0 /* Info.plist */,
			);
			name = "Supporting Files";
			sourceTree = "<group>";
		};
		E104B68D1BA86BB0004832F0 /* SCImageManager */ = {
			isa = PBXGroup;
			children = (
				E104B68E1BA86BB0004832F0 /* SCImageBrowser */,
				E104B6961BA86BB0004832F0 /* SCImagePickerController */,
				E104B6AC1BA86BB0004832F0 /* SCImageTools */,
			);
			name = SCImageManager;
			path = ../../../SCImagePickerControllerDemo/SCImagePickerControllerDemo/SCImageManager;
			sourceTree = "<group>";
		};
		E104B68E1BA86BB0004832F0 /* SCImageBrowser */ = {
			isa = PBXGroup;
			children = (
				E104B68F1BA86BB0004832F0 /* SCImageBrowser.h */,
				E104B6901BA86BB0004832F0 /* SCImageBrowser.m */,
				E104B6911BA86BB0004832F0 /* SCZoomingScrollView */,
			);
			path = SCImageBrowser;
			sourceTree = "<group>";
		};
		E104B6911BA86BB0004832F0 /* SCZoomingScrollView */ = {
			isa = PBXGroup;
			children = (
				E104B6921BA86BB0004832F0 /* SCTapImageView.h */,
				E104B6931BA86BB0004832F0 /* SCTapImageView.m */,
				E104B6941BA86BB0004832F0 /* SCZoomingScrollView.h */,
				E104B6951BA86BB0004832F0 /* SCZoomingScrollView.m */,
			);
			path = SCZoomingScrollView;
			sourceTree = "<group>";
		};
		E104B6961BA86BB0004832F0 /* SCImagePickerController */ = {
			isa = PBXGroup;
			children = (
				E104B6971BA86BB0004832F0 /* images */,
				E104B6A41BA86BB0004832F0 /* SCAlbumCell.h */,
				E104B6A51BA86BB0004832F0 /* SCAlbumCell.m */,
				E104B6A61BA86BB0004832F0 /* SCImageNavigationController.h */,
				E104B6A71BA86BB0004832F0 /* SCImageNavigationController.m */,
				E104B6A81BA86BB0004832F0 /* SCImagePickerController.h */,
				E104B6A91BA86BB0004832F0 /* SCImagePickerController.m */,
				E104B6AA1BA86BB0004832F0 /* SCPhotoCell.h */,
				E104B6AB1BA86BB0004832F0 /* SCPhotoCell.m */,
			);
			path = SCImagePickerController;
			sourceTree = "<group>";
		};
		E104B6971BA86BB0004832F0 /* images */ = {
			isa = PBXGroup;
			children = (
				E104B6981BA86BB0004832F0 /* sc_album_down@2x.png */,
				E104B6991BA86BB0004832F0 /* sc_album_up@2x.png */,
				E104B69A1BA86BB0004832F0 /* sc_back@2x.png */,
				E104B69B1BA86BB0004832F0 /* sc_cam@2x.png */,
				E104B69C1BA86BB0004832F0 /* sc_cam_h@2x.png */,
				E104B69D1BA86BB0004832F0 /* sc_close@2x.png */,
				E104B69E1BA86BB0004832F0 /* sc_item_bg@2x.png */,
				E104B69F1BA86BB0004832F0 /* sc_list@2x.png */,
				E104B6A01BA86BB0004832F0 /* sc_photo@2x.png */,
				E104B6A11BA86BB0004832F0 /* sc_photo_h@2x.png */,
				E104B6A21BA86BB0004832F0 /* sc_sample@2x.png */,
				E104B6A31BA86BB0004832F0 /* sc_sample_h@2x.png */,
			);
			path = images;
			sourceTree = "<group>";
		};
		E104B6AC1BA86BB0004832F0 /* SCImageTools */ = {
			isa = PBXGroup;
			children = (
				E104B6AD1BA86BB0004832F0 /* SCTools.h */,
				E104B6AE1BA86BB0004832F0 /* SCTools.m */,
			);
			path = SCImageTools;
			sourceTree = "<group>";
		};
		E104B6AF1BA86BB0004832F0 /* Vendor */ = {
			isa = PBXGroup;
			children = (
				E104B6B01BA86BB0004832F0 /* SVProgressHUD */,
			);
			name = Vendor;
			path = ../../../SCImagePickerControllerDemo/SCImagePickerControllerDemo/Vendor;
			sourceTree = "<group>";
		};
		E104B6B01BA86BB0004832F0 /* SVProgressHUD */ = {
			isa = PBXGroup;
			children = (
				E104B6B11BA86BB0004832F0 /* SVIndefiniteAnimatedView.h */,
				E104B6B21BA86BB0004832F0 /* SVIndefiniteAnimatedView.m */,
				E104B6B31BA86BB0004832F0 /* SVProgressHUD-Prefix.pch */,
				E104B6B41BA86BB0004832F0 /* SVProgressHUD.bundle */,
				E104B6B51BA86BB0004832F0 /* SVProgressHUD.h */,
				E104B6B61BA86BB0004832F0 /* SVProgressHUD.m */,
				E104B6B71BA86BB0004832F0 /* SVRadialGradientLayer.h */,
				E104B6B81BA86BB0004832F0 /* SVRadialGradientLayer.m */,
			);
			path = SVProgressHUD;
			sourceTree = "<group>";
		};
/* End PBXGroup section */

/* Begin PBXNativeTarget section */
		E104B6601BA86B57004832F0 /* SCImageManagerDemo */ = {
			isa = PBXNativeTarget;
			buildConfigurationList = E104B6871BA86B58004832F0 /* Build configuration list for PBXNativeTarget "SCImageManagerDemo" */;
			buildPhases = (
				E104B65D1BA86B57004832F0 /* Sources */,
				E104B65E1BA86B57004832F0 /* Frameworks */,
				E104B65F1BA86B57004832F0 /* Resources */,
			);
			buildRules = (
			);
			dependencies = (
			);
			name = SCImageManagerDemo;
			productName = SCImageManagerDemo;
			productReference = E104B6611BA86B57004832F0 /* SCImageManagerDemo.app */;
			productType = "com.apple.product-type.application";
		};
		E104B67C1BA86B58004832F0 /* SCImageManagerDemoTests */ = {
			isa = PBXNativeTarget;
			buildConfigurationList = E104B68A1BA86B58004832F0 /* Build configuration list for PBXNativeTarget "SCImageManagerDemoTests" */;
			buildPhases = (
				E104B6791BA86B58004832F0 /* Sources */,
				E104B67A1BA86B58004832F0 /* Frameworks */,
				E104B67B1BA86B58004832F0 /* Resources */,
			);
			buildRules = (
			);
			dependencies = (
				E104B67F1BA86B58004832F0 /* PBXTargetDependency */,
			);
			name = SCImageManagerDemoTests;
			productName = SCImageManagerDemoTests;
			productReference = E104B67D1BA86B58004832F0 /* SCImageManagerDemoTests.xctest */;
			productType = "com.apple.product-type.bundle.unit-test";
		};
/* End PBXNativeTarget section */

/* Begin PBXProject section */
		E104B6591BA86B57004832F0 /* Project object */ = {
			isa = PBXProject;
			attributes = {
				LastUpgradeCheck = 0640;
				ORGANIZATIONNAME = Aevit;
				TargetAttributes = {
					E104B6601BA86B57004832F0 = {
						CreatedOnToolsVersion = 6.4;
					};
					E104B67C1BA86B58004832F0 = {
						CreatedOnToolsVersion = 6.4;
						TestTargetID = E104B6601BA86B57004832F0;
					};
				};
			};
			buildConfigurationList = E104B65C1BA86B57004832F0 /* Build configuration list for PBXProject "SCImageManagerDemo" */;
			compatibilityVersion = "Xcode 3.2";
			developmentRegion = English;
			hasScannedForEncodings = 0;
			knownRegions = (
				en,
				Base,
			);
			mainGroup = E104B6581BA86B57004832F0;
			productRefGroup = E104B6621BA86B57004832F0 /* Products */;
			projectDirPath = "";
			projectRoot = "";
			targets = (
				E104B6601BA86B57004832F0 /* SCImageManagerDemo */,
				E104B67C1BA86B58004832F0 /* SCImageManagerDemoTests */,
			);
		};
/* End PBXProject section */

/* Begin PBXResourcesBuildPhase section */
		E104B65F1BA86B57004832F0 /* Resources */ = {
			isa = PBXResourcesBuildPhase;
			buildActionMask = 2147483647;
			files = (
				E104B6BF1BA86BB0004832F0 /* sc_cam@2x.png in Resources */,
				E104B6C01BA86BB0004832F0 /* sc_cam_h@2x.png in Resources */,
				E104B6C61BA86BB0004832F0 /* sc_sample@2x.png in Resources */,
				E104B6C21BA86BB0004832F0 /* sc_item_bg@2x.png in Resources */,
				E104B6C41BA86BB0004832F0 /* sc_photo@2x.png in Resources */,
				E104B6731BA86B57004832F0 /* Main.storyboard in Resources */,
				E104B6BD1BA86BB0004832F0 /* sc_album_up@2x.png in Resources */,
				E104B6781BA86B57004832F0 /* LaunchScreen.xib in Resources */,
				E104B6BE1BA86BB0004832F0 /* sc_back@2x.png in Resources */,
				E104B6BC1BA86BB0004832F0 /* sc_album_down@2x.png in Resources */,
				E104B6C31BA86BB0004832F0 /* sc_list@2x.png in Resources */,
				E104B6CE1BA86BB0004832F0 /* SVProgressHUD.bundle in Resources */,
				E104B6C71BA86BB0004832F0 /* sc_sample_h@2x.png in Resources */,
				E104B6751BA86B57004832F0 /* Images.xcassets in Resources */,
				E104B6C11BA86BB0004832F0 /* sc_close@2x.png in Resources */,
				E104B6C51BA86BB0004832F0 /* sc_photo_h@2x.png in Resources */,
			);
			runOnlyForDeploymentPostprocessing = 0;
		};
		E104B67B1BA86B58004832F0 /* Resources */ = {
			isa = PBXResourcesBuildPhase;
			buildActionMask = 2147483647;
			files = (
			);
			runOnlyForDeploymentPostprocessing = 0;
		};
/* End PBXResourcesBuildPhase section */

/* Begin PBXSourcesBuildPhase section */
		E104B65D1BA86B57004832F0 /* Sources */ = {
			isa = PBXSourcesBuildPhase;
			buildActionMask = 2147483647;
			files = (
				E104B6BB1BA86BB0004832F0 /* SCZoomingScrollView.m in Sources */,
				E104B6CD1BA86BB0004832F0 /* SVIndefiniteAnimatedView.m in Sources */,
				E104B6BA1BA86BB0004832F0 /* SCTapImageView.m in Sources */,
				E104B6CF1BA86BB0004832F0 /* SVProgressHUD.m in Sources */,
				E104B6D01BA86BB0004832F0 /* SVRadialGradientLayer.m in Sources */,
				E104B66D1BA86B57004832F0 /* SCImageManagerDemo.xcdatamodeld in Sources */,
				E104B6CA1BA86BB0004832F0 /* SCImagePickerController.m in Sources */,
				E104B6B91BA86BB0004832F0 /* SCImageBrowser.m in Sources */,
				E104B66A1BA86B57004832F0 /* AppDelegate.m in Sources */,
				E104B6701BA86B57004832F0 /* ViewController.m in Sources */,
				E104B6CC1BA86BB0004832F0 /* SCTools.m in Sources */,
				E104B6671BA86B57004832F0 /* main.m in Sources */,
				E104B6C81BA86BB0004832F0 /* SCAlbumCell.m in Sources */,
				E104B6C91BA86BB0004832F0 /* SCImageNavigationController.m in Sources */,
				E104B6CB1BA86BB0004832F0 /* SCPhotoCell.m in Sources */,
			);
			runOnlyForDeploymentPostprocessing = 0;
		};
		E104B6791BA86B58004832F0 /* Sources */ = {
			isa = PBXSourcesBuildPhase;
			buildActionMask = 2147483647;
			files = (
				E104B6841BA86B58004832F0 /* SCImageManagerDemoTests.m in Sources */,
			);
			runOnlyForDeploymentPostprocessing = 0;
		};
/* End PBXSourcesBuildPhase section */

/* Begin PBXTargetDependency section */
		E104B67F1BA86B58004832F0 /* PBXTargetDependency */ = {
			isa = PBXTargetDependency;
			target = E104B6601BA86B57004832F0 /* SCImageManagerDemo */;
			targetProxy = E104B67E1BA86B58004832F0 /* PBXContainerItemProxy */;
		};
/* End PBXTargetDependency section */

/* Begin PBXVariantGroup section */
		E104B6711BA86B57004832F0 /* Main.storyboard */ = {
			isa = PBXVariantGroup;
			children = (
				E104B6721BA86B57004832F0 /* Base */,
			);
			name = Main.storyboard;
			sourceTree = "<group>";
		};
		E104B6761BA86B57004832F0 /* LaunchScreen.xib */ = {
			isa = PBXVariantGroup;
			children = (
				E104B6771BA86B57004832F0 /* Base */,
			);
			name = LaunchScreen.xib;
			sourceTree = "<group>";
		};
/* End PBXVariantGroup section */

/* Begin XCBuildConfiguration section */
		E104B6851BA86B58004832F0 /* Debug */ = {
			isa = XCBuildConfiguration;
			buildSettings = {
				ALWAYS_SEARCH_USER_PATHS = NO;
				CLANG_CXX_LANGUAGE_STANDARD = "gnu++0x";
				CLANG_CXX_LIBRARY = "libc++";
				CLANG_ENABLE_MODULES = YES;
				CLANG_ENABLE_OBJC_ARC = YES;
				CLANG_WARN_BOOL_CONVERSION = YES;
				CLANG_WARN_CONSTANT_CONVERSION = YES;
				CLANG_WARN_DIRECT_OBJC_ISA_USAGE = YES_ERROR;
				CLANG_WARN_EMPTY_BODY = YES;
				CLANG_WARN_ENUM_CONVERSION = YES;
				CLANG_WARN_INT_CONVERSION = YES;
				CLANG_WARN_OBJC_ROOT_CLASS = YES_ERROR;
				CLANG_WARN_UNREACHABLE_CODE = YES;
				CLANG_WARN__DUPLICATE_METHOD_MATCH = YES;
				"CODE_SIGN_IDENTITY[sdk=iphoneos*]" = "iPhone Developer";
				COPY_PHASE_STRIP = NO;
				DEBUG_INFORMATION_FORMAT = "dwarf-with-dsym";
				ENABLE_STRICT_OBJC_MSGSEND = YES;
				GCC_C_LANGUAGE_STANDARD = gnu99;
				GCC_DYNAMIC_NO_PIC = NO;
				GCC_NO_COMMON_BLOCKS = YES;
				GCC_OPTIMIZATION_LEVEL = 0;
				GCC_PREPROCESSOR_DEFINITIONS = (
					"DEBUG=1",
					"$(inherited)",
				);
				GCC_SYMBOLS_PRIVATE_EXTERN = NO;
				GCC_WARN_64_TO_32_BIT_CONVERSION = YES;
				GCC_WARN_ABOUT_RETURN_TYPE = YES_ERROR;
				GCC_WARN_UNDECLARED_SELECTOR = YES;
				GCC_WARN_UNINITIALIZED_AUTOS = YES_AGGRESSIVE;
				GCC_WARN_UNUSED_FUNCTION = YES;
				GCC_WARN_UNUSED_VARIABLE = YES;
				IPHONEOS_DEPLOYMENT_TARGET = 8.4;
				MTL_ENABLE_DEBUG_INFO = YES;
				ONLY_ACTIVE_ARCH = YES;
				SDKROOT = iphoneos;
				TARGETED_DEVICE_FAMILY = "1,2";
			};
			name = Debug;
		};
		E104B6861BA86B58004832F0 /* Release */ = {
			isa = XCBuildConfiguration;
			buildSettings = {
				ALWAYS_SEARCH_USER_PATHS = NO;
				CLANG_CXX_LANGUAGE_STANDARD = "gnu++0x";
				CLANG_CXX_LIBRARY = "libc++";
				CLANG_ENABLE_MODULES = YES;
				CLANG_ENABLE_OBJC_ARC = YES;
				CLANG_WARN_BOOL_CONVERSION = YES;
				CLANG_WARN_CONSTANT_CONVERSION = YES;
				CLANG_WARN_DIRECT_OBJC_ISA_USAGE = YES_ERROR;
				CLANG_WARN_EMPTY_BODY = YES;
				CLANG_WARN_ENUM_CONVERSION = YES;
				CLANG_WARN_INT_CONVERSION = YES;
				CLANG_WARN_OBJC_ROOT_CLASS = YES_ERROR;
				CLANG_WARN_UNREACHABLE_CODE = YES;
				CLANG_WARN__DUPLICATE_METHOD_MATCH = YES;
				"CODE_SIGN_IDENTITY[sdk=iphoneos*]" = "iPhone Developer";
				COPY_PHASE_STRIP = NO;
				DEBUG_INFORMATION_FORMAT = "dwarf-with-dsym";
				ENABLE_NS_ASSERTIONS = NO;
				ENABLE_STRICT_OBJC_MSGSEND = YES;
				GCC_C_LANGUAGE_STANDARD = gnu99;
				GCC_NO_COMMON_BLOCKS = YES;
				GCC_WARN_64_TO_32_BIT_CONVERSION = YES;
				GCC_WARN_ABOUT_RETURN_TYPE = YES_ERROR;
				GCC_WARN_UNDECLARED_SELECTOR = YES;
				GCC_WARN_UNINITIALIZED_AUTOS = YES_AGGRESSIVE;
				GCC_WARN_UNUSED_FUNCTION = YES;
				GCC_WARN_UNUSED_VARIABLE = YES;
				IPHONEOS_DEPLOYMENT_TARGET = 8.4;
				MTL_ENABLE_DEBUG_INFO = NO;
				SDKROOT = iphoneos;
				TARGETED_DEVICE_FAMILY = "1,2";
				VALIDATE_PRODUCT = YES;
			};
			name = Release;
		};
		E104B6881BA86B58004832F0 /* Debug */ = {
			isa = XCBuildConfiguration;
			buildSettings = {
				ASSETCATALOG_COMPILER_APPICON_NAME = AppIcon;
				INFOPLIST_FILE = SCImageManagerDemo/Info.plist;
				LD_RUNPATH_SEARCH_PATHS = "$(inherited) @executable_path/Frameworks";
				PRODUCT_NAME = "$(TARGET_NAME)";
			};
			name = Debug;
		};
		E104B6891BA86B58004832F0 /* Release */ = {
			isa = XCBuildConfiguration;
			buildSettings = {
				ASSETCATALOG_COMPILER_APPICON_NAME = AppIcon;
				INFOPLIST_FILE = SCImageManagerDemo/Info.plist;
				LD_RUNPATH_SEARCH_PATHS = "$(inherited) @executable_path/Frameworks";
				PRODUCT_NAME = "$(TARGET_NAME)";
			};
			name = Release;
		};
		E104B68B1BA86B58004832F0 /* Debug */ = {
			isa = XCBuildConfiguration;
			buildSettings = {
				BUNDLE_LOADER = "$(TEST_HOST)";
				FRAMEWORK_SEARCH_PATHS = (
					"$(SDKROOT)/Developer/Library/Frameworks",
					"$(inherited)",
				);
				GCC_PREPROCESSOR_DEFINITIONS = (
					"DEBUG=1",
					"$(inherited)",
				);
				INFOPLIST_FILE = SCImageManagerDemoTests/Info.plist;
				LD_RUNPATH_SEARCH_PATHS = "$(inherited) @executable_path/Frameworks @loader_path/Frameworks";
				PRODUCT_NAME = "$(TARGET_NAME)";
				TEST_HOST = "$(BUILT_PRODUCTS_DIR)/SCImageManagerDemo.app/SCImageManagerDemo";
			};
			name = Debug;
		};
		E104B68C1BA86B58004832F0 /* Release */ = {
			isa = XCBuildConfiguration;
			buildSettings = {
				BUNDLE_LOADER = "$(TEST_HOST)";
				FRAMEWORK_SEARCH_PATHS = (
					"$(SDKROOT)/Developer/Library/Frameworks",
					"$(inherited)",
				);
				INFOPLIST_FILE = SCImageManagerDemoTests/Info.plist;
				LD_RUNPATH_SEARCH_PATHS = "$(inherited) @executable_path/Frameworks @loader_path/Frameworks";
				PRODUCT_NAME = "$(TARGET_NAME)";
				TEST_HOST = "$(BUILT_PRODUCTS_DIR)/SCImageManagerDemo.app/SCImageManagerDemo";
			};
			name = Release;
		};
/* End XCBuildConfiguration section */

/* Begin XCConfigurationList section */
		E104B65C1BA86B57004832F0 /* Build configuration list for PBXProject "SCImageManagerDemo" */ = {
			isa = XCConfigurationList;
			buildConfigurations = (
				E104B6851BA86B58004832F0 /* Debug */,
				E104B6861BA86B58004832F0 /* Release */,
			);
			defaultConfigurationIsVisible = 0;
			defaultConfigurationName = Release;
		};
		E104B6871BA86B58004832F0 /* Build configuration list for PBXNativeTarget "SCImageManagerDemo" */ = {
			isa = XCConfigurationList;
			buildConfigurations = (
				E104B6881BA86B58004832F0 /* Debug */,
				E104B6891BA86B58004832F0 /* Release */,
			);
			defaultConfigurationIsVisible = 0;
		};
		E104B68A1BA86B58004832F0 /* Build configuration list for PBXNativeTarget "SCImageManagerDemoTests" */ = {
			isa = XCConfigurationList;
			buildConfigurations = (
				E104B68B1BA86B58004832F0 /* Debug */,
				E104B68C1BA86B58004832F0 /* Release */,
			);
			defaultConfigurationIsVisible = 0;
		};
/* End XCConfigurationList section */

/* Begin XCVersionGroup section */
		E104B66B1BA86B57004832F0 /* SCImageManagerDemo.xcdatamodeld */ = {
			isa = XCVersionGroup;
			children = (
				E104B66C1BA86B57004832F0 /* SCImageManagerDemo.xcdatamodel */,
			);
			currentVersion = E104B66C1BA86B57004832F0 /* SCImageManagerDemo.xcdatamodel */;
			path = SCImageManagerDemo.xcdatamodeld;
			sourceTree = "<group>";
			versionGroupType = wrapper.xcdatamodel;
		};
/* End XCVersionGroup section */
	};
	rootObject = E104B6591BA86B57004832F0 /* Project object */;
}
